id: AIS_TX_Python_AIS_Frame_Generator
label: AIS_Frame_Generator
category: '[AIS_TX_Python]'

templates:
  imports: from gnuradio import AIS_TX_Python
  make: AIS_TX_Python.AIS_Frame_Generator(${binary_payloads})

#  Make one 'parameters' list entry for every parameter you want settable from the GUI.
#     Keys include:
#     * id (makes the value accessible as keyname, e.g. in the make entry)
#     * label (label shown in the GUI)
#     * dtype (e.g. int, float, complex, byte, short, xxx_vector, ...)
#     * default
parameters:
- id: binary_payloads
  label: Binary Payloads
  dtype: string
  default: 'Comma-delimited 168-character binary payloads'

inputs: [] # None

outputs:
- label: out
  domain: stream
  dtype: byte

#  'file_format' specifies the version of the GRC yml format used in the file
#  and should usually not be changed.
file_format: 1
